{
  "name": "workout-app",
  "lockfileVersion": 3,
  "requires": true,
  "packages": {
    "": {
      "name": "workout-app",
      "devDependencies": {
        "@rescript/react": "^0.14.0",
        "rescript": "^12.0.1"
      }
    },
    "node_modules/@rescript/darwin-arm64": {
      "version": "12.0.1",
      "resolved": "https://registry.npmjs.org/@rescript/darwin-arm64/-/darwin-arm64-12.0.1.tgz",
      "integrity": "sha512-JJddiKKfOSc9X+2rt6IrbEUlOBaIfgjkWzCN986czZ5YV4lh3jysPVk6EQHaip2ibPkwf/nLv6Pin4t+XmdqLQ==",
      "cpu": [
        "arm64"
      ],
      "dev": true,
      "optional": true,
      "os": [
        "darwin"
      ],
      "engines": {
        "node": ">=20.11.0"
      }
    },
    "node_modules/@rescript/darwin-x64": {
      "version": "12.0.1",
      "resolved": "https://registry.npmjs.org/@rescript/darwin-x64/-/darwin-x64-12.0.1.tgz",
      "integrity": "sha512-tZSeHr9MQ90oKULDIn9ugvP08eLCflH2uO02iF7z1i8RshPrfD36qFiPOn4WxzcSJuqynffNLEgeWYrnPiZ0JQ==",
      "cpu": [
        "x64"
      ],
      "dev": true,
      "optional": true,
      "os": [
        "darwin"
      ],
      "engines": {
        "node": ">=20.11.0"
      }
    },
    "node_modules/@rescript/linux-arm64": {
      "version": "12.0.1",
      "resolved": "https://registry.npmjs.org/@rescript/linux-arm64/-/linux-arm64-12.0.1.tgz",
      "integrity": "sha512-V/xnkFgEvSRMlyT1XCptnWWXgySFR9aKdja74VeDyEGLc6MGmi8zopxUUFcwCQXxV/zPAFkIxjz8xMY0SBCAmQ==",
      "cpu": [
        "arm64"
      ],
      "dev": true,
      "optional": true,
      "os": [
        "linux"
      ],
      "engines": {
        "node": ">=20.11.0"
      }
    },
    "node_modules/@rescript/linux-x64": {
      "version": "12.0.1",
      "resolved": "https://registry.npmjs.org/@rescript/linux-x64/-/linux-x64-12.0.1.tgz",
      "integrity": "sha512-WpVBjAvLsKATOJTckI6PDf4IFnHHxwsSVtklC+XAXbwqHLP1gqDDuVcykOOIWexxepod+QvBvEZGjzNPJ5L8gA==",
      "cpu": [
        "x64"
      ],
      "dev": true,
      "optional": true,
      "os": [
        "linux"
      ],
      "engines": {
        "node": ">=20.11.0"
      }
    },
    "node_modules/@rescript/react": {
      "version": "0.14.0",
      "resolved": "https://registry.npmjs.org/@rescript/react/-/react-0.14.0.tgz",
      "integrity": "sha512-ncOHWK7ujQmff+QMYKRmtwETvJVolzkwRpDa0MFenEXdUz9ZYywNbq+xH9F9RDQeSwC3/4s9JeUQVyTu4fMpHw==",
      "dev": true,
      "license": "MIT",
      "peerDependencies": {
        "react": ">=19.0.0",
        "react-dom": ">=19.0.0"
      }
    },
    "node_modules/@rescript/runtime": {
      "version": "12.0.1",
      "resolved": "https://registry.npmjs.org/@rescript/runtime/-/runtime-12.0.1.tgz",
      "integrity": "sha512-pMoWvllPFK0cl87vMYBVvll+DaAdPAsRuLIIJa+Q8LMhcS7cqpaZVflU3LbH+U/kv3vWaUYIfLBObwGnXw/CDg==",
      "dev": true
    },
    "node_modules/@rescript/win32-x64": {
      "version": "12.0.1",
      "resolved": "https://registry.npmjs.org/@rescript/win32-x64/-/win32-x64-12.0.1.tgz",
      "integrity": "sha512-Hv6nwb6A94qtj6b4PcIsmoWhLIcLt6wLuHpD9YNxj4/d9FkrHM/yj9ZKhKan/9rfg4wkHl1cZE898AZe/nWq9g==",
      "cpu": [
        "x64"
      ],
      "dev": true,
      "optional": true,
      "os": [
        "win32"
      ],
      "engines": {
        "node": ">=20.11.0"
      }
    },
    "node_modules/react": {
      "version": "19.2.3",
      "resolved": "https://registry.npmjs.org/react/-/react-19.2.3.tgz",
      "integrity": "sha512-Ku/hhYbVjOQnXDZFv2+RibmLFGwFdeeKHFcOTlrt7xplBnya5OGn/hIRDsqDiSUcfORsDC7MPxwork8jBwsIWA==",
      "dev": true,
      "license": "MIT",
      "peer": true,
      "engines": {
        "node": ">=0.10.0"
      }
    },
    "node_modules/react-dom": {
      "version": "19.2.3",
      "resolved": "https://registry.npmjs.org/react-dom/-/react-dom-19.2.3.tgz",
      "integrity": "sha512-yELu4WmLPw5Mr/lmeEpox5rw3RETacE++JgHqQzd2dg+YbJuat3jH4ingc+WPZhxaoFzdv9y33G+F7Nl5O0GBg==",
      "dev": true,
      "license": "MIT",
      "peer": true,
      "dependencies": {
        "scheduler": "^0.27.0"
      },
      "peerDependencies": {
        "react": "^19.2.3"
      }
    },
    "node_modules/rescript": {
      "version": "12.0.1",
      "resolved": "https://registry.npmjs.org/rescript/-/rescript-12.0.1.tgz",
      "integrity": "sha512-59JyEUyLj+IPd9VutAXpBXRGqaeaHCMtvACJNAy/oI1hjpjklQ2UJE07oLhxoWB4SDZrCxzowNUpE46UAgjOXg==",
      "dev": true,
      "license": "SEE LICENSE IN LICENSE",
      "workspaces": [
        "packages/playground",
        "packages/@rescript/*",
        "tests/dependencies/**",
        "tests/analysis_tests/**",
        "tests/docstring_tests",
        "tests/gentype_tests/**",
        "tests/tools_tests",
        "scripts/res"
      ],
      "dependencies": {
        "@rescript/runtime": "12.0.1"
      },
      "bin": {
        "bsc": "cli/bsc.js",
        "bstracing": "cli/bstracing.js",
        "rescript": "cli/rescript.js",
        "rescript-legacy": "cli/rescript-legacy.js",
        "rescript-tools": "cli/rescript-tools.js"
      },
      "engines": {
        "node": ">=20.11.0"
      },
      "optionalDependencies": {
        "@rescript/darwin-arm64": "12.0.1",
        "@rescript/darwin-x64": "12.0.1",
        "@rescript/linux-arm64": "12.0.1",
        "@rescript/linux-x64": "12.0.1",
        "@rescript/win32-x64": "12.0.1"
      }
    },
    "node_modules/scheduler": {
      "version": "0.27.0",
      "resolved": "https://registry.npmjs.org/scheduler/-/scheduler-0.27.0.tgz",
      "integrity": "sha512-eNv+WrVbKu1f3vbYJT/xtiF5syA5HPIMtf9IgY/nKg0sWqzAUEvqY/xm7OcZc/qafLx/iO9FgOmeSAp4v5ti/Q==",
      "dev": true,
      "license": "MIT",
      "peer": true
    }
  }
}
